{
  "pins" : [
    {
      "identity" : "firebase-ios-sdk-xcframeworks",
      "kind" : "remoteSourceControl",
      "location" : "https://github.com/akaffenberger/firebase-ios-sdk-xcframeworks.git",
      "state" : {
        "revision" : "c3f0ba4741cbf53ecbda9cefc31659d68c663b27",
        "version" : "10.19.0"
      }
    }
  ],
  "version" : 2
}
