// !$*UTF8*$!
{
	archiveVersion = 1;
	classes = {
	};
	objectVersion = 56;
	objects = {

/* Begin PBXBuildFile section */
		670206292B40803800CAB08B /* GoogleService-Info.plist in Resources */ = {isa = PBXBuildFile; fileRef = 670206282B40803800CAB08B /* GoogleService-Info.plist */; };
		6702062C2B40817200CAB08B /* FirebaseAnalytics in Frameworks */ = {isa = PBXBuildFile; productRef = 6702062B2B40817200CAB08B /* FirebaseAnalytics */; };
		6702062E2B40817200CAB08B /* FirebaseAnalyticsOnDeviceConversion in Frameworks */ = {isa = PBXBuildFile; productRef = 6702062D2B40817200CAB08B /* FirebaseAnalyticsOnDeviceConversion */; };
		670206302B40817200CAB08B /* FirebaseAnalyticsSwift in Frameworks */ = {isa = PBXBuildFile; productRef = 6702062F2B40817200CAB08B /* FirebaseAnalyticsSwift */; };
		670206322B40817200CAB08B /* FirebaseAnalyticsWithoutAdIdSupport in Frameworks */ = {isa = PBXBuildFile; productRef = 670206312B40817200CAB08B /* FirebaseAnalyticsWithoutAdIdSupport */; };
		670206342B40817200CAB08B /* FirebaseAppCheck in Frameworks */ = {isa = PBXBuildFile; productRef = 670206332B40817200CAB08B /* FirebaseAppCheck */; };
		670206362B40817200CAB08B /* FirebaseAppDistribution-Beta in Frameworks */ = {isa = PBXBuildFile; productRef = 670206352B40817200CAB08B /* FirebaseAppDistribution-Beta */; };
		670206382B40817200CAB08B /* FirebaseAuth in Frameworks */ = {isa = PBXBuildFile; productRef = 670206372B40817200CAB08B /* FirebaseAuth */; };
		6702063A2B40817200CAB08B /* FirebaseAuthCombine-Community in Frameworks */ = {isa = PBXBuildFile; productRef = 670206392B40817200CAB08B /* FirebaseAuthCombine-Community */; };
		6702063C2B40817200CAB08B /* FirebaseCrashlytics in Frameworks */ = {isa = PBXBuildFile; productRef = 6702063B2B40817200CAB08B /* FirebaseCrashlytics */; };
		6702063E2B40817200CAB08B /* FirebaseDatabase in Frameworks */ = {isa = PBXBuildFile; productRef = 6702063D2B40817200CAB08B /* FirebaseDatabase */; };
		670206402B40817200CAB08B /* FirebaseDatabaseSwift in Frameworks */ = {isa = PBXBuildFile; productRef = 6702063F2B40817200CAB08B /* FirebaseDatabaseSwift */; };
		670206422B40817200CAB08B /* FirebaseDynamicLinks in Frameworks */ = {isa = PBXBuildFile; productRef = 670206412B40817200CAB08B /* FirebaseDynamicLinks */; };
		670206442B40817200CAB08B /* FirebaseFirestore in Frameworks */ = {isa = PBXBuildFile; productRef = 670206432B40817200CAB08B /* FirebaseFirestore */; };
		670206462B40817200CAB08B /* FirebaseFirestoreCombine-Community in Frameworks */ = {isa = PBXBuildFile; productRef = 670206452B40817200CAB08B /* FirebaseFirestoreCombine-Community */; };
		670206482B40817200CAB08B /* FirebaseFirestoreSwift in Frameworks */ = {isa = PBXBuildFile; productRef = 670206472B40817200CAB08B /* FirebaseFirestoreSwift */; };
		6702064A2B40817200CAB08B /* FirebaseFunctions in Frameworks */ = {isa = PBXBuildFile; productRef = 670206492B40817200CAB08B /* FirebaseFunctions */; };
		6702064C2B40817200CAB08B /* FirebaseFunctionsCombine-Community in Frameworks */ = {isa = PBXBuildFile; productRef = 6702064B2B40817200CAB08B /* FirebaseFunctionsCombine-Community */; };
		6702064E2B40817200CAB08B /* FirebaseInAppMessaging-Beta in Frameworks */ = {isa = PBXBuildFile; productRef = 6702064D2B40817200CAB08B /* FirebaseInAppMessaging-Beta */; };
		670206502B40817200CAB08B /* FirebaseInAppMessagingSwift-Beta in Frameworks */ = {isa = PBXBuildFile; productRef = 6702064F2B40817200CAB08B /* FirebaseInAppMessagingSwift-Beta */; };
		670206522B40817200CAB08B /* FirebaseInstallations in Frameworks */ = {isa = PBXBuildFile; productRef = 670206512B40817200CAB08B /* FirebaseInstallations */; };
		670206542B40817300CAB08B /* FirebaseMLModelDownloader in Frameworks */ = {isa = PBXBuildFile; productRef = 670206532B40817200CAB08B /* FirebaseMLModelDownloader */; };
		670206562B40817300CAB08B /* FirebaseMessaging in Frameworks */ = {isa = PBXBuildFile; productRef = 670206552B40817300CAB08B /* FirebaseMessaging */; };
		670206582B40817300CAB08B /* FirebasePerformance in Frameworks */ = {isa = PBXBuildFile; productRef = 670206572B40817300CAB08B /* FirebasePerformance */; };
		6702065A2B40817300CAB08B /* FirebaseRemoteConfig in Frameworks */ = {isa = PBXBuildFile; productRef = 670206592B40817300CAB08B /* FirebaseRemoteConfig */; };
		6702065C2B40817300CAB08B /* FirebaseRemoteConfigSwift in Frameworks */ = {isa = PBXBuildFile; productRef = 6702065B2B40817300CAB08B /* FirebaseRemoteConfigSwift */; };
		6702065E2B40817300CAB08B /* FirebaseStorage in Frameworks */ = {isa = PBXBuildFile; productRef = 6702065D2B40817300CAB08B /* FirebaseStorage */; };
		670206602B40817300CAB08B /* FirebaseStorageCombine-Community in Frameworks */ = {isa = PBXBuildFile; productRef = 6702065F2B40817300CAB08B /* FirebaseStorageCombine-Community */; };
		676952CD2B336F790060F568 /* Cinema_DBApp.swift in Sources */ = {isa = PBXBuildFile; fileRef = 676952CC2B336F790060F568 /* Cinema_DBApp.swift */; };
		676952CF2B336F790060F568 /* WelcomeView.swift in Sources */ = {isa = PBXBuildFile; fileRef = 676952CE2B336F790060F568 /* WelcomeView.swift */; };
		676952D12B336F840060F568 /* Assets.xcassets in Resources */ = {isa = PBXBuildFile; fileRef = 676952D02B336F840060F568 /* Assets.xcassets */; };
		676952D42B336F840060F568 /* Preview Assets.xcassets in Resources */ = {isa = PBXBuildFile; fileRef = 676952D32B336F840060F568 /* Preview Assets.xcassets */; };
		676952E12B34273A0060F568 /* ButtonsComponentView.swift in Sources */ = {isa = PBXBuildFile; fileRef = 676952E02B34273A0060F568 /* ButtonsComponentView.swift */; };
		676952E42B34288A0060F568 /* View+Extension.swift in Sources */ = {isa = PBXBuildFile; fileRef = 676952E32B34288A0060F568 /* View+Extension.swift */; };
		676952EC2B342C7B0060F568 /* Launch Screen.storyboard in Resources */ = {isa = PBXBuildFile; fileRef = 676952EB2B342C7B0060F568 /* Launch Screen.storyboard */; };
		67DB82AB2B41FFDD00B48679 /* LoginScreen.swift in Sources */ = {isa = PBXBuildFile; fileRef = 67DB82AA2B41FFDD00B48679 /* LoginScreen.swift */; };
		67DB82AE2B41FFF800B48679 /* RegistrationScreen.swift in Sources */ = {isa = PBXBuildFile; fileRef = 67DB82AD2B41FFF800B48679 /* RegistrationScreen.swift */; };
/* End PBXBuildFile section */

/* Begin PBXFileReference section */
		670206282B40803800CAB08B /* GoogleService-Info.plist */ = {isa = PBXFileReference; fileEncoding = 4; lastKnownFileType = text.plist.xml; path = "GoogleService-Info.plist"; sourceTree = "<group>"; };
		676952C92B336F790060F568 /* Cinema DB.app */ = {isa = PBXFileReference; explicitFileType = wrapper.application; includeInIndex = 0; path = "Cinema DB.app"; sourceTree = BUILT_PRODUCTS_DIR; };
		676952CC2B336F790060F568 /* Cinema_DBApp.swift */ = {isa = PBXFileReference; lastKnownFileType = sourcecode.swift; path = Cinema_DBApp.swift; sourceTree = "<group>"; };
		676952CE2B336F790060F568 /* WelcomeView.swift */ = {isa = PBXFileReference; lastKnownFileType = sourcecode.swift; path = WelcomeView.swift; sourceTree = "<group>"; };
		676952D02B336F840060F568 /* Assets.xcassets */ = {isa = PBXFileReference; lastKnownFileType = folder.assetcatalog; path = Assets.xcassets; sourceTree = "<group>"; };
		676952D32B336F840060F568 /* Preview Assets.xcassets */ = {isa = PBXFileReference; lastKnownFileType = folder.assetcatalog; path = "Preview Assets.xcassets"; sourceTree = "<group>"; };
		676952E02B34273A0060F568 /* ButtonsComponentView.swift */ = {isa = PBXFileReference; lastKnownFileType = sourcecode.swift; path = ButtonsComponentView.swift; sourceTree = "<group>"; };
		676952E32B34288A0060F568 /* View+Extension.swift */ = {isa = PBXFileReference; lastKnownFileType = sourcecode.swift; path = "View+Extension.swift"; sourceTree = "<group>"; };
		676952EB2B342C7B0060F568 /* Launch Screen.storyboard */ = {isa = PBXFileReference; lastKnownFileType = file.storyboard; path = "Launch Screen.storyboard"; sourceTree = "<group>"; };
		67DB82AA2B41FFDD00B48679 /* LoginScreen.swift */ = {isa = PBXFileReference; lastKnownFileType = sourcecode.swift; path = LoginScreen.swift; sourceTree = "<group>"; };
		67DB82AD2B41FFF800B48679 /* RegistrationScreen.swift */ = {isa = PBXFileReference; lastKnownFileType = sourcecode.swift; path = RegistrationScreen.swift; sourceTree = "<group>"; };
/* End PBXFileReference section */

/* Begin PBXFrameworksBuildPhase section */
		676952C62B336F790060F568 /* Frameworks */ = {
			isa = PBXFrameworksBuildPhase;
			buildActionMask = 2147483647;
			files = (
				6702063E2B40817200CAB08B /* FirebaseDatabase in Frameworks */,
				6702064C2B40817200CAB08B /* FirebaseFunctionsCombine-Community in Frameworks */,
				670206442B40817200CAB08B /* FirebaseFirestore in Frameworks */,
				670206302B40817200CAB08B /* FirebaseAnalyticsSwift in Frameworks */,
				6702062C2B40817200CAB08B /* FirebaseAnalytics in Frameworks */,
				6702062E2B40817200CAB08B /* FirebaseAnalyticsOnDeviceConversion in Frameworks */,
				670206542B40817300CAB08B /* FirebaseMLModelDownloader in Frameworks */,
				670206482B40817200CAB08B /* FirebaseFirestoreSwift in Frameworks */,
				670206342B40817200CAB08B /* FirebaseAppCheck in Frameworks */,
				670206322B40817200CAB08B /* FirebaseAnalyticsWithoutAdIdSupport in Frameworks */,
				670206382B40817200CAB08B /* FirebaseAuth in Frameworks */,
				6702063C2B40817200CAB08B /* FirebaseCrashlytics in Frameworks */,
				6702065C2B40817300CAB08B /* FirebaseRemoteConfigSwift in Frameworks */,
				6702064E2B40817200CAB08B /* FirebaseInAppMessaging-Beta in Frameworks */,
				670206402B40817200CAB08B /* FirebaseDatabaseSwift in Frameworks */,
				6702064A2B40817200CAB08B /* FirebaseFunctions in Frameworks */,
				670206602B40817300CAB08B /* FirebaseStorageCombine-Community in Frameworks */,
				6702065A2B40817300CAB08B /* FirebaseRemoteConfig in Frameworks */,
				670206362B40817200CAB08B /* FirebaseAppDistribution-Beta in Frameworks */,
				6702063A2B40817200CAB08B /* FirebaseAuthCombine-Community in Frameworks */,
				670206582B40817300CAB08B /* FirebasePerformance in Frameworks */,
				670206502B40817200CAB08B /* FirebaseInAppMessagingSwift-Beta in Frameworks */,
				6702065E2B40817300CAB08B /* FirebaseStorage in Frameworks */,
				670206422B40817200CAB08B /* FirebaseDynamicLinks in Frameworks */,
				670206462B40817200CAB08B /* FirebaseFirestoreCombine-Community in Frameworks */,
				670206562B40817300CAB08B /* FirebaseMessaging in Frameworks */,
				670206522B40817200CAB08B /* FirebaseInstallations in Frameworks */,
			);
			runOnlyForDeploymentPostprocessing = 0;
		};
/* End PBXFrameworksBuildPhase section */

/* Begin PBXGroup section */
		676952C02B336F790060F568 = {
			isa = PBXGroup;
			children = (
				676952DE2B3426F00060F568 /* Components */,
				676952CB2B336F790060F568 /* Cinema DB */,
				676952CA2B336F790060F568 /* Products */,
			);
			sourceTree = "<group>";
		};
		676952CA2B336F790060F568 /* Products */ = {
			isa = PBXGroup;
			children = (
				676952C92B336F790060F568 /* Cinema DB.app */,
			);
			name = Products;
			sourceTree = "<group>";
		};
		676952CB2B336F790060F568 /* Cinema DB */ = {
			isa = PBXGroup;
			children = (
				67DB82AC2B41FFE300B48679 /* Registration */,
				67DB82A92B41FFC700B48679 /* Login */,
				670206282B40803800CAB08B /* GoogleService-Info.plist */,
				676952CC2B336F790060F568 /* Cinema_DBApp.swift */,
				676952CE2B336F790060F568 /* WelcomeView.swift */,
				676952D02B336F840060F568 /* Assets.xcassets */,
				676952D22B336F840060F568 /* Preview Content */,
				676952EB2B342C7B0060F568 /* Launch Screen.storyboard */,
			);
			path = "Cinema DB";
			sourceTree = "<group>";
		};
		676952D22B336F840060F568 /* Preview Content */ = {
			isa = PBXGroup;
			children = (
				676952D32B336F840060F568 /* Preview Assets.xcassets */,
			);
			path = "Preview Content";
			sourceTree = "<group>";
		};
		676952DE2B3426F00060F568 /* Components */ = {
			isa = PBXGroup;
			children = (
				676952E22B3427E60060F568 /* Extensions */,
				676952DF2B3427000060F568 /* Buttons */,
			);
			path = Components;
			sourceTree = "<group>";
		};
		676952DF2B3427000060F568 /* Buttons */ = {
			isa = PBXGroup;
			children = (
				676952E02B34273A0060F568 /* ButtonsComponentView.swift */,
			);
			path = Buttons;
			sourceTree = "<group>";
		};
		676952E22B3427E60060F568 /* Extensions */ = {
			isa = PBXGroup;
			children = (
				676952E32B34288A0060F568 /* View+Extension.swift */,
			);
			path = Extensions;
			sourceTree = "<group>";
		};
		67DB82A92B41FFC700B48679 /* Login */ = {
			isa = PBXGroup;
			children = (
				67DB82AA2B41FFDD00B48679 /* LoginScreen.swift */,
			);
			path = Login;
			sourceTree = "<group>";
		};
		67DB82AC2B41FFE300B48679 /* Registration */ = {
			isa = PBXGroup;
			children = (
				67DB82AD2B41FFF800B48679 /* RegistrationScreen.swift */,
			);
			path = Registration;
			sourceTree = "<group>";
		};
/* End PBXGroup section */

/* Begin PBXNativeTarget section */
		676952C82B336F790060F568 /* Cinema DB */ = {
			isa = PBXNativeTarget;
			buildConfigurationList = 676952D72B336F840060F568 /* Build configuration list for PBXNativeTarget "Cinema DB" */;
			buildPhases = (
				676952C52B336F790060F568 /* Sources */,
				676952C62B336F790060F568 /* Frameworks */,
				676952C72B336F790060F568 /* Resources */,
			);
			buildRules = (
			);
			dependencies = (
			);
			name = "Cinema DB";
			packageProductDependencies = (
				6702062B2B40817200CAB08B /* FirebaseAnalytics */,
				6702062D2B40817200CAB08B /* FirebaseAnalyticsOnDeviceConversion */,
				6702062F2B40817200CAB08B /* FirebaseAnalyticsSwift */,
				670206312B40817200CAB08B /* FirebaseAnalyticsWithoutAdIdSupport */,
				670206332B40817200CAB08B /* FirebaseAppCheck */,
				670206352B40817200CAB08B /* FirebaseAppDistribution-Beta */,
				670206372B40817200CAB08B /* FirebaseAuth */,
				670206392B40817200CAB08B /* FirebaseAuthCombine-Community */,
				6702063B2B40817200CAB08B /* FirebaseCrashlytics */,
				6702063D2B40817200CAB08B /* FirebaseDatabase */,
				6702063F2B40817200CAB08B /* FirebaseDatabaseSwift */,
				670206412B40817200CAB08B /* FirebaseDynamicLinks */,
				670206432B40817200CAB08B /* FirebaseFirestore */,
				670206452B40817200CAB08B /* FirebaseFirestoreCombine-Community */,
				670206472B40817200CAB08B /* FirebaseFirestoreSwift */,
				670206492B40817200CAB08B /* FirebaseFunctions */,
				6702064B2B40817200CAB08B /* FirebaseFunctionsCombine-Community */,
				6702064D2B40817200CAB08B /* FirebaseInAppMessaging-Beta */,
				6702064F2B40817200CAB08B /* FirebaseInAppMessagingSwift-Beta */,
				670206512B40817200CAB08B /* FirebaseInstallations */,
				670206532B40817200CAB08B /* FirebaseMLModelDownloader */,
				670206552B40817300CAB08B /* FirebaseMessaging */,
				670206572B40817300CAB08B /* FirebasePerformance */,
				670206592B40817300CAB08B /* FirebaseRemoteConfig */,
				6702065B2B40817300CAB08B /* FirebaseRemoteConfigSwift */,
				6702065D2B40817300CAB08B /* FirebaseStorage */,
				6702065F2B40817300CAB08B /* FirebaseStorageCombine-Community */,
			);
			productName = "Cinema DB";
			productReference = 676952C92B336F790060F568 /* Cinema DB.app */;
			productType = "com.apple.product-type.application";
		};
/* End PBXNativeTarget section */

/* Begin PBXProject section */
		676952C12B336F790060F568 /* Project object */ = {
			isa = PBXProject;
			attributes = {
				BuildIndependentTargetsInParallel = 1;
				LastSwiftUpdateCheck = 1500;
				LastUpgradeCheck = 1500;
				TargetAttributes = {
					676952C82B336F790060F568 = {
						CreatedOnToolsVersion = 15.0;
					};
				};
			};
			buildConfigurationList = 676952C42B336F790060F568 /* Build configuration list for PBXProject "Cinema DB" */;
			compatibilityVersion = "Xcode 14.0";
			developmentRegion = en;
			hasScannedForEncodings = 0;
			knownRegions = (
				en,
				Base,
			);
			mainGroup = 676952C02B336F790060F568;
			packageReferences = (
				6702062A2B40817200CAB08B /* XCRemoteSwiftPackageReference "firebase-ios-sdk" */,
			);
			productRefGroup = 676952CA2B336F790060F568 /* Products */;
			projectDirPath = "";
			projectRoot = "";
			targets = (
				676952C82B336F790060F568 /* Cinema DB */,
			);
		};
/* End PBXProject section */

/* Begin PBXResourcesBuildPhase section */
		676952C72B336F790060F568 /* Resources */ = {
			isa = PBXResourcesBuildPhase;
			buildActionMask = 2147483647;
			files = (
				676952D42B336F840060F568 /* Preview Assets.xcassets in Resources */,
				670206292B40803800CAB08B /* GoogleService-Info.plist in Resources */,
				676952EC2B342C7B0060F568 /* Launch Screen.storyboard in Resources */,
				676952D12B336F840060F568 /* Assets.xcassets in Resources */,
			);
			runOnlyForDeploymentPostprocessing = 0;
		};
/* End PBXResourcesBuildPhase section */

/* Begin PBXSourcesBuildPhase section */
		676952C52B336F790060F568 /* Sources */ = {
			isa = PBXSourcesBuildPhase;
			buildActionMask = 2147483647;
			files = (
				67DB82AE2B41FFF800B48679 /* RegistrationScreen.swift in Sources */,
				676952E12B34273A0060F568 /* ButtonsComponentView.swift in Sources */,
				676952CF2B336F790060F568 /* WelcomeView.swift in Sources */,
				676952E42B34288A0060F568 /* View+Extension.swift in Sources */,
				676952CD2B336F790060F568 /* Cinema_DBApp.swift in Sources */,
				67DB82AB2B41FFDD00B48679 /* LoginScreen.swift in Sources */,
			);
			runOnlyForDeploymentPostprocessing = 0;
		};
/* End PBXSourcesBuildPhase section */

/* Begin XCBuildConfiguration section */
		676952D52B336F840060F568 /* Debug */ = {
			isa = XCBuildConfiguration;
			buildSettings = {
				ALWAYS_SEARCH_USER_PATHS = NO;
				ASSETCATALOG_COMPILER_GENERATE_SWIFT_ASSET_SYMBOL_EXTENSIONS = YES;
				CLANG_ANALYZER_NONNULL = YES;
				CLANG_ANALYZER_NUMBER_OBJECT_CONVERSION = YES_AGGRESSIVE;
				CLANG_CXX_LANGUAGE_STANDARD = "gnu++20";
				CLANG_ENABLE_MODULES = YES;
				CLANG_ENABLE_OBJC_ARC = YES;
				CLANG_ENABLE_OBJC_WEAK = YES;
				CLANG_WARN_BLOCK_CAPTURE_AUTORELEASING = YES;
				CLANG_WARN_BOOL_CONVERSION = YES;
				CLANG_WARN_COMMA = YES;
				CLANG_WARN_CONSTANT_CONVERSION = YES;
				CLANG_WARN_DEPRECATED_OBJC_IMPLEMENTATIONS = YES;
				CLANG_WARN_DIRECT_OBJC_ISA_USAGE = YES_ERROR;
				CLANG_WARN_DOCUMENTATION_COMMENTS = YES;
				CLANG_WARN_EMPTY_BODY = YES;
				CLANG_WARN_ENUM_CONVERSION = YES;
				CLANG_WARN_INFINITE_RECURSION = YES;
				CLANG_WARN_INT_CONVERSION = YES;
				CLANG_WARN_NON_LITERAL_NULL_CONVERSION = YES;
				CLANG_WARN_OBJC_IMPLICIT_RETAIN_SELF = YES;
				CLANG_WARN_OBJC_LITERAL_CONVERSION = YES;
				CLANG_WARN_OBJC_ROOT_CLASS = YES_ERROR;
				CLANG_WARN_QUOTED_INCLUDE_IN_FRAMEWORK_HEADER = YES;
				CLANG_WARN_RANGE_LOOP_ANALYSIS = YES;
				CLANG_WARN_STRICT_PROTOTYPES = YES;
				CLANG_WARN_SUSPICIOUS_MOVE = YES;
				CLANG_WARN_UNGUARDED_AVAILABILITY = YES_AGGRESSIVE;
				CLANG_WARN_UNREACHABLE_CODE = YES;
				CLANG_WARN__DUPLICATE_METHOD_MATCH = YES;
				COPY_PHASE_STRIP = NO;
				DEBUG_INFORMATION_FORMAT = dwarf;
				ENABLE_STRICT_OBJC_MSGSEND = YES;
				ENABLE_TESTABILITY = YES;
				ENABLE_USER_SCRIPT_SANDBOXING = YES;
				GCC_C_LANGUAGE_STANDARD = gnu17;
				GCC_DYNAMIC_NO_PIC = NO;
				GCC_NO_COMMON_BLOCKS = YES;
				GCC_OPTIMIZATION_LEVEL = 0;
				GCC_PREPROCESSOR_DEFINITIONS = (
					"DEBUG=1",
					"$(inherited)",
				);
				GCC_WARN_64_TO_32_BIT_CONVERSION = YES;
				GCC_WARN_ABOUT_RETURN_TYPE = YES_ERROR;
				GCC_WARN_UNDECLARED_SELECTOR = YES;
				GCC_WARN_UNINITIALIZED_AUTOS = YES_AGGRESSIVE;
				GCC_WARN_UNUSED_FUNCTION = YES;
				GCC_WARN_UNUSED_VARIABLE = YES;
				IPHONEOS_DEPLOYMENT_TARGET = 16.0;
				LOCALIZATION_PREFERS_STRING_CATALOGS = YES;
				MTL_ENABLE_DEBUG_INFO = INCLUDE_SOURCE;
				MTL_FAST_MATH = YES;
				ONLY_ACTIVE_ARCH = YES;
				SDKROOT = iphoneos;
				SWIFT_ACTIVE_COMPILATION_CONDITIONS = "DEBUG $(inherited)";
				SWIFT_OPTIMIZATION_LEVEL = "-Onone";
			};
			name = Debug;
		};
		676952D62B336F840060F568 /* Release */ = {
			isa = XCBuildConfiguration;
			buildSettings = {
				ALWAYS_SEARCH_USER_PATHS = NO;
				ASSETCATALOG_COMPILER_GENERATE_SWIFT_ASSET_SYMBOL_EXTENSIONS = YES;
				CLANG_ANALYZER_NONNULL = YES;
				CLANG_ANALYZER_NUMBER_OBJECT_CONVERSION = YES_AGGRESSIVE;
				CLANG_CXX_LANGUAGE_STANDARD = "gnu++20";
				CLANG_ENABLE_MODULES = YES;
				CLANG_ENABLE_OBJC_ARC = YES;
				CLANG_ENABLE_OBJC_WEAK = YES;
				CLANG_WARN_BLOCK_CAPTURE_AUTORELEASING = YES;
				CLANG_WARN_BOOL_CONVERSION = YES;
				CLANG_WARN_COMMA = YES;
				CLANG_WARN_CONSTANT_CONVERSION = YES;
				CLANG_WARN_DEPRECATED_OBJC_IMPLEMENTATIONS = YES;
				CLANG_WARN_DIRECT_OBJC_ISA_USAGE = YES_ERROR;
				CLANG_WARN_DOCUMENTATION_COMMENTS = YES;
				CLANG_WARN_EMPTY_BODY = YES;
				CLANG_WARN_ENUM_CONVERSION = YES;
				CLANG_WARN_INFINITE_RECURSION = YES;
				CLANG_WARN_INT_CONVERSION = YES;
				CLANG_WARN_NON_LITERAL_NULL_CONVERSION = YES;
				CLANG_WARN_OBJC_IMPLICIT_RETAIN_SELF = YES;
				CLANG_WARN_OBJC_LITERAL_CONVERSION = YES;
				CLANG_WARN_OBJC_ROOT_CLASS = YES_ERROR;
				CLANG_WARN_QUOTED_INCLUDE_IN_FRAMEWORK_HEADER = YES;
				CLANG_WARN_RANGE_LOOP_ANALYSIS = YES;
				CLANG_WARN_STRICT_PROTOTYPES = YES;
				CLANG_WARN_SUSPICIOUS_MOVE = YES;
				CLANG_WARN_UNGUARDED_AVAILABILITY = YES_AGGRESSIVE;
				CLANG_WARN_UNREACHABLE_CODE = YES;
				CLANG_WARN__DUPLICATE_METHOD_MATCH = YES;
				COPY_PHASE_STRIP = NO;
				DEBUG_INFORMATION_FORMAT = "dwarf-with-dsym";
				ENABLE_NS_ASSERTIONS = NO;
				ENABLE_STRICT_OBJC_MSGSEND = YES;
				ENABLE_USER_SCRIPT_SANDBOXING = YES;
				GCC_C_LANGUAGE_STANDARD = gnu17;
				GCC_NO_COMMON_BLOCKS = YES;
				GCC_WARN_64_TO_32_BIT_CONVERSION = YES;
				GCC_WARN_ABOUT_RETURN_TYPE = YES_ERROR;
				GCC_WARN_UNDECLARED_SELECTOR = YES;
				GCC_WARN_UNINITIALIZED_AUTOS = YES_AGGRESSIVE;
				GCC_WARN_UNUSED_FUNCTION = YES;
				GCC_WARN_UNUSED_VARIABLE = YES;
				IPHONEOS_DEPLOYMENT_TARGET = 16.0;
				LOCALIZATION_PREFERS_STRING_CATALOGS = YES;
				MTL_ENABLE_DEBUG_INFO = NO;
				MTL_FAST_MATH = YES;
				SDKROOT = iphoneos;
				SWIFT_COMPILATION_MODE = wholemodule;
				VALIDATE_PRODUCT = YES;
			};
			name = Release;
		};
		676952D82B336F840060F568 /* Debug */ = {
			isa = XCBuildConfiguration;
			buildSettings = {
				ASSETCATALOG_COMPILER_APPICON_NAME = AppIcon;
				ASSETCATALOG_COMPILER_GLOBAL_ACCENT_COLOR_NAME = AccentColor;
				ASSETCATALOG_COMPILER_INCLUDE_ALL_APPICON_ASSETS = YES;
				CODE_SIGN_STYLE = Automatic;
				CURRENT_PROJECT_VERSION = 1;
				DEVELOPMENT_ASSET_PATHS = "\"Cinema DB/Preview Content\"";
				DEVELOPMENT_TEAM = D54CNDXJX6;
				ENABLE_PREVIEWS = YES;
				GENERATE_INFOPLIST_FILE = YES;
				INFOPLIST_KEY_UIApplicationSceneManifest_Generation = YES;
				INFOPLIST_KEY_UIApplicationSupportsIndirectInputEvents = YES;
				INFOPLIST_KEY_UILaunchScreen_Generation = YES;
				INFOPLIST_KEY_UILaunchStoryboardName = "Launch Screen.storyboard";
				INFOPLIST_KEY_UISupportedInterfaceOrientations = UIInterfaceOrientationPortrait;
				IPHONEOS_DEPLOYMENT_TARGET = 16.0;
				LD_RUNPATH_SEARCH_PATHS = (
					"$(inherited)",
					"@executable_path/Frameworks",
				);
				MARKETING_VERSION = 1.0;
				PRODUCT_BUNDLE_IDENTIFIER = "com.duda.Cinema-DB";
				PRODUCT_NAME = "$(TARGET_NAME)";
				SUPPORTED_PLATFORMS = "iphoneos iphonesimulator";
				SUPPORTS_MACCATALYST = NO;
				SUPPORTS_MAC_DESIGNED_FOR_IPHONE_IPAD = NO;
				SWIFT_EMIT_LOC_STRINGS = YES;
				SWIFT_VERSION = 5.0;
				TARGETED_DEVICE_FAMILY = 1;
			};
			name = Debug;
		};
		676952D92B336F840060F568 /* Release */ = {
			isa = XCBuildConfiguration;
			buildSettings = {
				ASSETCATALOG_COMPILER_APPICON_NAME = AppIcon;
				ASSETCATALOG_COMPILER_GLOBAL_ACCENT_COLOR_NAME = AccentColor;
				ASSETCATALOG_COMPILER_INCLUDE_ALL_APPICON_ASSETS = YES;
				CODE_SIGN_STYLE = Automatic;
				CURRENT_PROJECT_VERSION = 1;
				DEVELOPMENT_ASSET_PATHS = "\"Cinema DB/Preview Content\"";
				DEVELOPMENT_TEAM = D54CNDXJX6;
				ENABLE_PREVIEWS = YES;
				GENERATE_INFOPLIST_FILE = YES;
				INFOPLIST_KEY_UIApplicationSceneManifest_Generation = YES;
				INFOPLIST_KEY_UIApplicationSupportsIndirectInputEvents = YES;
				INFOPLIST_KEY_UILaunchScreen_Generation = YES;
				INFOPLIST_KEY_UILaunchStoryboardName = "Launch Screen.storyboard";
				INFOPLIST_KEY_UISupportedInterfaceOrientations = UIInterfaceOrientationPortrait;
				IPHONEOS_DEPLOYMENT_TARGET = 16.0;
				LD_RUNPATH_SEARCH_PATHS = (
					"$(inherited)",
					"@executable_path/Frameworks",
				);
				MARKETING_VERSION = 1.0;
				PRODUCT_BUNDLE_IDENTIFIER = "com.duda.Cinema-DB";
				PRODUCT_NAME = "$(TARGET_NAME)";
				SUPPORTED_PLATFORMS = "iphoneos iphonesimulator";
				SUPPORTS_MACCATALYST = NO;
				SUPPORTS_MAC_DESIGNED_FOR_IPHONE_IPAD = NO;
				SWIFT_EMIT_LOC_STRINGS = YES;
				SWIFT_VERSION = 5.0;
				TARGETED_DEVICE_FAMILY = 1;
			};
			name = Release;
		};
/* End XCBuildConfiguration section */

/* Begin XCConfigurationList section */
		676952C42B336F790060F568 /* Build configuration list for PBXProject "Cinema DB" */ = {
			isa = XCConfigurationList;
			buildConfigurations = (
				676952D52B336F840060F568 /* Debug */,
				676952D62B336F840060F568 /* Release */,
			);
			defaultConfigurationIsVisible = 0;
			defaultConfigurationName = Debug;
		};
		676952D72B336F840060F568 /* Build configuration list for PBXNativeTarget "Cinema DB" */ = {
			isa = XCConfigurationList;
			buildConfigurations = (
				676952D82B336F840060F568 /* Debug */,
				676952D92B336F840060F568 /* Release */,
			);
			defaultConfigurationIsVisible = 0;
			defaultConfigurationName = Debug;
		};
/* End XCConfigurationList section */

/* Begin XCRemoteSwiftPackageReference section */
		6702062A2B40817200CAB08B /* XCRemoteSwiftPackageReference "firebase-ios-sdk" */ = {
			isa = XCRemoteSwiftPackageReference;
			repositoryURL = "https://github.com/firebase/firebase-ios-sdk";
			requirement = {
				kind = upToNextMajorVersion;
				minimumVersion = 10.19.1;
			};
		};
/* End XCRemoteSwiftPackageReference section */

/* Begin XCSwiftPackageProductDependency section */
		6702062B2B40817200CAB08B /* FirebaseAnalytics */ = {
			isa = XCSwiftPackageProductDependency;
			package = 6702062A2B40817200CAB08B /* XCRemoteSwiftPackageReference "firebase-ios-sdk" */;
			productName = FirebaseAnalytics;
		};
		6702062D2B40817200CAB08B /* FirebaseAnalyticsOnDeviceConversion */ = {
			isa = XCSwiftPackageProductDependency;
			package = 6702062A2B40817200CAB08B /* XCRemoteSwiftPackageReference "firebase-ios-sdk" */;
			productName = FirebaseAnalyticsOnDeviceConversion;
		};
		6702062F2B40817200CAB08B /* FirebaseAnalyticsSwift */ = {
			isa = XCSwiftPackageProductDependency;
			package = 6702062A2B40817200CAB08B /* XCRemoteSwiftPackageReference "firebase-ios-sdk" */;
			productName = FirebaseAnalyticsSwift;
		};
		670206312B40817200CAB08B /* FirebaseAnalyticsWithoutAdIdSupport */ = {
			isa = XCSwiftPackageProductDependency;
			package = 6702062A2B40817200CAB08B /* XCRemoteSwiftPackageReference "firebase-ios-sdk" */;
			productName = FirebaseAnalyticsWithoutAdIdSupport;
		};
		670206332B40817200CAB08B /* FirebaseAppCheck */ = {
			isa = XCSwiftPackageProductDependency;
			package = 6702062A2B40817200CAB08B /* XCRemoteSwiftPackageReference "firebase-ios-sdk" */;
			productName = FirebaseAppCheck;
		};
		670206352B40817200CAB08B /* FirebaseAppDistribution-Beta */ = {
			isa = XCSwiftPackageProductDependency;
			package = 6702062A2B40817200CAB08B /* XCRemoteSwiftPackageReference "firebase-ios-sdk" */;
			productName = "FirebaseAppDistribution-Beta";
		};
		670206372B40817200CAB08B /* FirebaseAuth */ = {
			isa = XCSwiftPackageProductDependency;
			package = 6702062A2B40817200CAB08B /* XCRemoteSwiftPackageReference "firebase-ios-sdk" */;
			productName = FirebaseAuth;
		};
		670206392B40817200CAB08B /* FirebaseAuthCombine-Community */ = {
			isa = XCSwiftPackageProductDependency;
			package = 6702062A2B40817200CAB08B /* XCRemoteSwiftPackageReference "firebase-ios-sdk" */;
			productName = "FirebaseAuthCombine-Community";
		};
		6702063B2B40817200CAB08B /* FirebaseCrashlytics */ = {
			isa = XCSwiftPackageProductDependency;
			package = 6702062A2B40817200CAB08B /* XCRemoteSwiftPackageReference "firebase-ios-sdk" */;
			productName = FirebaseCrashlytics;
		};
		6702063D2B40817200CAB08B /* FirebaseDatabase */ = {
			isa = XCSwiftPackageProductDependency;
			package = 6702062A2B40817200CAB08B /* XCRemoteSwiftPackageReference "firebase-ios-sdk" */;
			productName = FirebaseDatabase;
		};
		6702063F2B40817200CAB08B /* FirebaseDatabaseSwift */ = {
			isa = XCSwiftPackageProductDependency;
			package = 6702062A2B40817200CAB08B /* XCRemoteSwiftPackageReference "firebase-ios-sdk" */;
			productName = FirebaseDatabaseSwift;
		};
		670206412B40817200CAB08B /* FirebaseDynamicLinks */ = {
			isa = XCSwiftPackageProductDependency;
			package = 6702062A2B40817200CAB08B /* XCRemoteSwiftPackageReference "firebase-ios-sdk" */;
			productName = FirebaseDynamicLinks;
		};
		670206432B40817200CAB08B /* FirebaseFirestore */ = {
			isa = XCSwiftPackageProductDependency;
			package = 6702062A2B40817200CAB08B /* XCRemoteSwiftPackageReference "firebase-ios-sdk" */;
			productName = FirebaseFirestore;
		};
		670206452B40817200CAB08B /* FirebaseFirestoreCombine-Community */ = {
			isa = XCSwiftPackageProductDependency;
			package = 6702062A2B40817200CAB08B /* XCRemoteSwiftPackageReference "firebase-ios-sdk" */;
			productName = "FirebaseFirestoreCombine-Community";
		};
		670206472B40817200CAB08B /* FirebaseFirestoreSwift */ = {
			isa = XCSwiftPackageProductDependency;
			package = 6702062A2B40817200CAB08B /* XCRemoteSwiftPackageReference "firebase-ios-sdk" */;
			productName = FirebaseFirestoreSwift;
		};
		670206492B40817200CAB08B /* FirebaseFunctions */ = {
			isa = XCSwiftPackageProductDependency;
			package = 6702062A2B40817200CAB08B /* XCRemoteSwiftPackageReference "firebase-ios-sdk" */;
			productName = FirebaseFunctions;
		};
		6702064B2B40817200CAB08B /* FirebaseFunctionsCombine-Community */ = {
			isa = XCSwiftPackageProductDependency;
			package = 6702062A2B40817200CAB08B /* XCRemoteSwiftPackageReference "firebase-ios-sdk" */;
			productName = "FirebaseFunctionsCombine-Community";
		};
		6702064D2B40817200CAB08B /* FirebaseInAppMessaging-Beta */ = {
			isa = XCSwiftPackageProductDependency;
			package = 6702062A2B40817200CAB08B /* XCRemoteSwiftPackageReference "firebase-ios-sdk" */;
			productName = "FirebaseInAppMessaging-Beta";
		};
		6702064F2B40817200CAB08B /* FirebaseInAppMessagingSwift-Beta */ = {
			isa = XCSwiftPackageProductDependency;
			package = 6702062A2B40817200CAB08B /* XCRemoteSwiftPackageReference "firebase-ios-sdk" */;
			productName = "FirebaseInAppMessagingSwift-Beta";
		};
		670206512B40817200CAB08B /* FirebaseInstallations */ = {
			isa = XCSwiftPackageProductDependency;
			package = 6702062A2B40817200CAB08B /* XCRemoteSwiftPackageReference "firebase-ios-sdk" */;
			productName = FirebaseInstallations;
		};
		670206532B40817200CAB08B /* FirebaseMLModelDownloader */ = {
			isa = XCSwiftPackageProductDependency;
			package = 6702062A2B40817200CAB08B /* XCRemoteSwiftPackageReference "firebase-ios-sdk" */;
			productName = FirebaseMLModelDownloader;
		};
		670206552B40817300CAB08B /* FirebaseMessaging */ = {
			isa = XCSwiftPackageProductDependency;
			package = 6702062A2B40817200CAB08B /* XCRemoteSwiftPackageReference "firebase-ios-sdk" */;
			productName = FirebaseMessaging;
		};
		670206572B40817300CAB08B /* FirebasePerformance */ = {
			isa = XCSwiftPackageProductDependency;
			package = 6702062A2B40817200CAB08B /* XCRemoteSwiftPackageReference "firebase-ios-sdk" */;
			productName = FirebasePerformance;
		};
		670206592B40817300CAB08B /* FirebaseRemoteConfig */ = {
			isa = XCSwiftPackageProductDependency;
			package = 6702062A2B40817200CAB08B /* XCRemoteSwiftPackageReference "firebase-ios-sdk" */;
			productName = FirebaseRemoteConfig;
		};
		6702065B2B40817300CAB08B /* FirebaseRemoteConfigSwift */ = {
			isa = XCSwiftPackageProductDependency;
			package = 6702062A2B40817200CAB08B /* XCRemoteSwiftPackageReference "firebase-ios-sdk" */;
			productName = FirebaseRemoteConfigSwift;
		};
		6702065D2B40817300CAB08B /* FirebaseStorage */ = {
			isa = XCSwiftPackageProductDependency;
			package = 6702062A2B40817200CAB08B /* XCRemoteSwiftPackageReference "firebase-ios-sdk" */;
			productName = FirebaseStorage;
		};
		6702065F2B40817300CAB08B /* FirebaseStorageCombine-Community */ = {
			isa = XCSwiftPackageProductDependency;
			package = 6702062A2B40817200CAB08B /* XCRemoteSwiftPackageReference "firebase-ios-sdk" */;
			productName = "FirebaseStorageCombine-Community";
		};
/* End XCSwiftPackageProductDependency section */
	};
	rootObject = 676952C12B336F790060F568 /* Project object */;
}
